// !$*UTF8*$!
{
	archiveVersion = 1;
	classes = {
	};
	objectVersion = 46;
	objects = {

/* Begin PBXBuildFile section */
		D12FA29F1D4CB5140088C41B /* YBCurriculumScheduleCell.m in Sources */ = {isa = PBXBuildFile; fileRef = D12FA27D1D4CB5140088C41B /* YBCurriculumScheduleCell.m */; };
		D12FA2A01D4CB5140088C41B /* BMLineCumstomDefault.m in Sources */ = {isa = PBXBuildFile; fileRef = D12FA2821D4CB5140088C41B /* BMLineCumstomDefault.m */; };
		D12FA2A11D4CB5140088C41B /* UIView+BMLine.m in Sources */ = {isa = PBXBuildFile; fileRef = D12FA2841D4CB5140088C41B /* UIView+BMLine.m */; };
		D12FA2A21D4CB5140088C41B /* YBCourseModel.m in Sources */ = {isa = PBXBuildFile; fileRef = D12FA2871D4CB5140088C41B /* YBCourseModel.m */; };
		D12FA2A31D4CB5140088C41B /* YBDateListModel.m in Sources */ = {isa = PBXBuildFile; fileRef = D12FA2891D4CB5140088C41B /* YBDateListModel.m */; };
		D12FA2A41D4CB5140088C41B /* NSDate+YBTime.m in Sources */ = {isa = PBXBuildFile; fileRef = D12FA28C1D4CB5140088C41B /* NSDate+YBTime.m */; };
		D12FA2A51D4CB5140088C41B /* YBControl.m in Sources */ = {isa = PBXBuildFile; fileRef = D12FA28E1D4CB5140088C41B /* YBControl.m */; };
		D12FA2A61D4CB5140088C41B /* YBCurriculumScheduleConst.m in Sources */ = {isa = PBXBuildFile; fileRef = D12FA2901D4CB5140088C41B /* YBCurriculumScheduleConst.m */; };
		D12FA2A71D4CB5140088C41B /* YBDateTools.m in Sources */ = {isa = PBXBuildFile; fileRef = D12FA2921D4CB5140088C41B /* YBDateTools.m */; };
		D12FA2A81D4CB5140088C41B /* curriculum_shuaxin_nor@2x.png in Resources */ = {isa = PBXBuildFile; fileRef = D12FA2951D4CB5140088C41B /* curriculum_shuaxin_nor@2x.png */; };
		D12FA2A91D4CB5140088C41B /* curriculum_shuaxin_nor@3x.png in Resources */ = {isa = PBXBuildFile; fileRef = D12FA2961D4CB5140088C41B /* curriculum_shuaxin_nor@3x.png */; };
		D12FA2AA1D4CB5140088C41B /* YBCourseDetailsView.m in Sources */ = {isa = PBXBuildFile; fileRef = D12FA2981D4CB5140088C41B /* YBCourseDetailsView.m */; };
		D12FA2AB1D4CB5140088C41B /* YBCourseView.m in Sources */ = {isa = PBXBuildFile; fileRef = D12FA29A1D4CB5140088C41B /* YBCourseView.m */; };
		D12FA2AC1D4CB5140088C41B /* YBUILabel.m in Sources */ = {isa = PBXBuildFile; fileRef = D12FA29C1D4CB5140088C41B /* YBUILabel.m */; };
		D12FA2AD1D4CB5140088C41B /* YBCurriculumScheduleController.m in Sources */ = {isa = PBXBuildFile; fileRef = D12FA29E1D4CB5140088C41B /* YBCurriculumScheduleController.m */; };
		D12FA2DD1D4CB87B0088C41B /* MJRefreshAutoFooter.m in Sources */ = {isa = PBXBuildFile; fileRef = D12FA2B11D4CB87B0088C41B /* MJRefreshAutoFooter.m */; };
		D12FA2DE1D4CB87B0088C41B /* MJRefreshBackFooter.m in Sources */ = {isa = PBXBuildFile; fileRef = D12FA2B31D4CB87B0088C41B /* MJRefreshBackFooter.m */; };
		D12FA2DF1D4CB87B0088C41B /* MJRefreshComponent.m in Sources */ = {isa = PBXBuildFile; fileRef = D12FA2B51D4CB87B0088C41B /* MJRefreshComponent.m */; };
		D12FA2E01D4CB87B0088C41B /* MJRefreshFooter.m in Sources */ = {isa = PBXBuildFile; fileRef = D12FA2B71D4CB87B0088C41B /* MJRefreshFooter.m */; };
		D12FA2E11D4CB87B0088C41B /* MJRefreshHeader.m in Sources */ = {isa = PBXBuildFile; fileRef = D12FA2B91D4CB87B0088C41B /* MJRefreshHeader.m */; };
		D12FA2E21D4CB87B0088C41B /* MJRefreshAutoGifFooter.m in Sources */ = {isa = PBXBuildFile; fileRef = D12FA2BE1D4CB87B0088C41B /* MJRefreshAutoGifFooter.m */; };
		D12FA2E31D4CB87B0088C41B /* MJRefreshAutoNormalFooter.m in Sources */ = {isa = PBXBuildFile; fileRef = D12FA2C01D4CB87B0088C41B /* MJRefreshAutoNormalFooter.m */; };
		D12FA2E41D4CB87B0088C41B /* MJRefreshAutoStateFooter.m in Sources */ = {isa = PBXBuildFile; fileRef = D12FA2C21D4CB87B0088C41B /* MJRefreshAutoStateFooter.m */; };
		D12FA2E51D4CB87B0088C41B /* MJRefreshBackGifFooter.m in Sources */ = {isa = PBXBuildFile; fileRef = D12FA2C51D4CB87B0088C41B /* MJRefreshBackGifFooter.m */; };
		D12FA2E61D4CB87B0088C41B /* MJRefreshBackNormalFooter.m in Sources */ = {isa = PBXBuildFile; fileRef = D12FA2C71D4CB87B0088C41B /* MJRefreshBackNormalFooter.m */; };
		D12FA2E71D4CB87B0088C41B /* MJRefreshBackStateFooter.m in Sources */ = {isa = PBXBuildFile; fileRef = D12FA2C91D4CB87B0088C41B /* MJRefreshBackStateFooter.m */; };
		D12FA2E81D4CB87B0088C41B /* MJRefreshGifHeader.m in Sources */ = {isa = PBXBuildFile; fileRef = D12FA2CC1D4CB87B0088C41B /* MJRefreshGifHeader.m */; };
		D12FA2E91D4CB87B0088C41B /* MJRefreshNormalHeader.m in Sources */ = {isa = PBXBuildFile; fileRef = D12FA2CE1D4CB87B0088C41B /* MJRefreshNormalHeader.m */; };
		D12FA2EA1D4CB87B0088C41B /* MJRefreshStateHeader.m in Sources */ = {isa = PBXBuildFile; fileRef = D12FA2D01D4CB87B0088C41B /* MJRefreshStateHeader.m */; };
		D12FA2EB1D4CB87B0088C41B /* MJRefresh.bundle in Resources */ = {isa = PBXBuildFile; fileRef = D12FA2D11D4CB87B0088C41B /* MJRefresh.bundle */; };
		D12FA2EC1D4CB87B0088C41B /* MJRefreshConst.m in Sources */ = {isa = PBXBuildFile; fileRef = D12FA2D41D4CB87B0088C41B /* MJRefreshConst.m */; };
		D12FA2ED1D4CB87B0088C41B /* NSBundle+MJRefresh.m in Sources */ = {isa = PBXBuildFile; fileRef = D12FA2D61D4CB87B0088C41B /* NSBundle+MJRefresh.m */; };
		D12FA2EE1D4CB87B0088C41B /* UIScrollView+MJExtension.m in Sources */ = {isa = PBXBuildFile; fileRef = D12FA2D81D4CB87B0088C41B /* UIScrollView+MJExtension.m */; };
		D12FA2EF1D4CB87B0088C41B /* UIScrollView+MJRefresh.m in Sources */ = {isa = PBXBuildFile; fileRef = D12FA2DA1D4CB87B0088C41B /* UIScrollView+MJRefresh.m */; };
		D12FA2F01D4CB87B0088C41B /* UIView+MJExtension.m in Sources */ = {isa = PBXBuildFile; fileRef = D12FA2DC1D4CB87B0088C41B /* UIView+MJExtension.m */; };
		D19531961D4B99DC00A4742D /* main.m in Sources */ = {isa = PBXBuildFile; fileRef = D19531951D4B99DC00A4742D /* main.m */; };
		D19531991D4B99DC00A4742D /* AppDelegate.m in Sources */ = {isa = PBXBuildFile; fileRef = D19531981D4B99DC00A4742D /* AppDelegate.m */; };
		D19531A11D4B99DC00A4742D /* Assets.xcassets in Resources */ = {isa = PBXBuildFile; fileRef = D19531A01D4B99DC00A4742D /* Assets.xcassets */; };
		D19531A41D4B99DC00A4742D /* LaunchScreen.storyboard in Resources */ = {isa = PBXBuildFile; fileRef = D19531A21D4B99DC00A4742D /* LaunchScreen.storyboard */; };
		D19531AF1D4B99DC00A4742D /* CurriculumScheduleTests.m in Sources */ = {isa = PBXBuildFile; fileRef = D19531AE1D4B99DC00A4742D /* CurriculumScheduleTests.m */; };
		D19531BA1D4B99DC00A4742D /* CurriculumScheduleUITests.m in Sources */ = {isa = PBXBuildFile; fileRef = D19531B91D4B99DC00A4742D /* CurriculumScheduleUITests.m */; };
		D1F0DB121D4CD9530023E8BC /* MJDIYBackFooter.m in Sources */ = {isa = PBXBuildFile; fileRef = D1F0DB111D4CD9530023E8BC /* MJDIYBackFooter.m */; };
/* End PBXBuildFile section */

/* Begin PBXContainerItemProxy section */
		D19531AB1D4B99DC00A4742D /* PBXContainerItemProxy */ = {
			isa = PBXContainerItemProxy;
			containerPortal = D19531891D4B99DC00A4742D /* Project object */;
			proxyType = 1;
			remoteGlobalIDString = D19531901D4B99DC00A4742D;
			remoteInfo = CurriculumSchedule;
		};
		D19531B61D4B99DC00A4742D /* PBXContainerItemProxy */ = {
			isa = PBXContainerItemProxy;
			containerPortal = D19531891D4B99DC00A4742D /* Project object */;
			proxyType = 1;
			remoteGlobalIDString = D19531901D4B99DC00A4742D;
			remoteInfo = CurriculumSchedule;
		};
/* End PBXContainerItemProxy section */

/* Begin PBXFileReference section */
		D12FA27C1D4CB5140088C41B /* YBCurriculumScheduleCell.h */ = {isa = PBXFileReference; fileEncoding = 4; lastKnownFileType = sourcecode.c.h; path = YBCurriculumScheduleCell.h; sourceTree = "<group>"; };
		D12FA27D1D4CB5140088C41B /* YBCurriculumScheduleCell.m */ = {isa = PBXFileReference; fileEncoding = 4; lastKnownFileType = sourcecode.c.objc; path = YBCurriculumScheduleCell.m; sourceTree = "<group>"; };
		D12FA2801D4CB5140088C41B /* BMDefines.h */ = {isa = PBXFileReference; fileEncoding = 4; lastKnownFileType = sourcecode.c.h; path = BMDefines.h; sourceTree = "<group>"; };
		D12FA2811D4CB5140088C41B /* BMLineCumstomDefault.h */ = {isa = PBXFileReference; fileEncoding = 4; lastKnownFileType = sourcecode.c.h; path = BMLineCumstomDefault.h; sourceTree = "<group>"; };
		D12FA2821D4CB5140088C41B /* BMLineCumstomDefault.m */ = {isa = PBXFileReference; fileEncoding = 4; lastKnownFileType = sourcecode.c.objc; path = BMLineCumstomDefault.m; sourceTree = "<group>"; };
		D12FA2831D4CB5140088C41B /* UIView+BMLine.h */ = {isa = PBXFileReference; fileEncoding = 4; lastKnownFileType = sourcecode.c.h; path = "UIView+BMLine.h"; sourceTree = "<group>"; };
		D12FA2841D4CB5140088C41B /* UIView+BMLine.m */ = {isa = PBXFileReference; fileEncoding = 4; lastKnownFileType = sourcecode.c.objc; path = "UIView+BMLine.m"; sourceTree = "<group>"; };
		D12FA2861D4CB5140088C41B /* YBCourseModel.h */ = {isa = PBXFileReference; fileEncoding = 4; lastKnownFileType = sourcecode.c.h; path = YBCourseModel.h; sourceTree = "<group>"; };
		D12FA2871D4CB5140088C41B /* YBCourseModel.m */ = {isa = PBXFileReference; fileEncoding = 4; lastKnownFileType = sourcecode.c.objc; path = YBCourseModel.m; sourceTree = "<group>"; };
		D12FA2881D4CB5140088C41B /* YBDateListModel.h */ = {isa = PBXFileReference; fileEncoding = 4; lastKnownFileType = sourcecode.c.h; path = YBDateListModel.h; sourceTree = "<group>"; };
		D12FA2891D4CB5140088C41B /* YBDateListModel.m */ = {isa = PBXFileReference; fileEncoding = 4; lastKnownFileType = sourcecode.c.objc; path = YBDateListModel.m; sourceTree = "<group>"; };
		D12FA28B1D4CB5140088C41B /* NSDate+YBTime.h */ = {isa = PBXFileReference; fileEncoding = 4; lastKnownFileType = sourcecode.c.h; path = "NSDate+YBTime.h"; sourceTree = "<group>"; };
		D12FA28C1D4CB5140088C41B /* NSDate+YBTime.m */ = {isa = PBXFileReference; fileEncoding = 4; lastKnownFileType = sourcecode.c.objc; path = "NSDate+YBTime.m"; sourceTree = "<group>"; };
		D12FA28D1D4CB5140088C41B /* YBControl.h */ = {isa = PBXFileReference; fileEncoding = 4; lastKnownFileType = sourcecode.c.h; path = YBControl.h; sourceTree = "<group>"; };
		D12FA28E1D4CB5140088C41B /* YBControl.m */ = {isa = PBXFileReference; fileEncoding = 4; lastKnownFileType = sourcecode.c.objc; path = YBControl.m; sourceTree = "<group>"; };
		D12FA28F1D4CB5140088C41B /* YBCurriculumScheduleConst.h */ = {isa = PBXFileReference; fileEncoding = 4; lastKnownFileType = sourcecode.c.h; path = YBCurriculumScheduleConst.h; sourceTree = "<group>"; };
		D12FA2901D4CB5140088C41B /* YBCurriculumScheduleConst.m */ = {isa = PBXFileReference; fileEncoding = 4; lastKnownFileType = sourcecode.c.objc; path = YBCurriculumScheduleConst.m; sourceTree = "<group>"; };
		D12FA2911D4CB5140088C41B /* YBDateTools.h */ = {isa = PBXFileReference; fileEncoding = 4; lastKnownFileType = sourcecode.c.h; path = YBDateTools.h; sourceTree = "<group>"; };
		D12FA2921D4CB5140088C41B /* YBDateTools.m */ = {isa = PBXFileReference; fileEncoding = 4; lastKnownFileType = sourcecode.c.objc; path = YBDateTools.m; sourceTree = "<group>"; };
		D12FA2951D4CB5140088C41B /* curriculum_shuaxin_nor@2x.png */ = {isa = PBXFileReference; lastKnownFileType = image.png; path = "curriculum_shuaxin_nor@2x.png"; sourceTree = "<group>"; };
		D12FA2961D4CB5140088C41B /* curriculum_shuaxin_nor@3x.png */ = {isa = PBXFileReference; lastKnownFileType = image.png; path = "curriculum_shuaxin_nor@3x.png"; sourceTree = "<group>"; };
		D12FA2971D4CB5140088C41B /* YBCourseDetailsView.h */ = {isa = PBXFileReference; fileEncoding = 4; lastKnownFileType = sourcecode.c.h; path = YBCourseDetailsView.h; sourceTree = "<group>"; };
		D12FA2981D4CB5140088C41B /* YBCourseDetailsView.m */ = {isa = PBXFileReference; fileEncoding = 4; lastKnownFileType = sourcecode.c.objc; path = YBCourseDetailsView.m; sourceTree = "<group>"; };
		D12FA2991D4CB5140088C41B /* YBCourseView.h */ = {isa = PBXFileReference; fileEncoding = 4; lastKnownFileType = sourcecode.c.h; path = YBCourseView.h; sourceTree = "<group>"; };
		D12FA29A1D4CB5140088C41B /* YBCourseView.m */ = {isa = PBXFileReference; fileEncoding = 4; lastKnownFileType = sourcecode.c.objc; path = YBCourseView.m; sourceTree = "<group>"; };
		D12FA29B1D4CB5140088C41B /* YBUILabel.h */ = {isa = PBXFileReference; fileEncoding = 4; lastKnownFileType = sourcecode.c.h; path = YBUILabel.h; sourceTree = "<group>"; };
		D12FA29C1D4CB5140088C41B /* YBUILabel.m */ = {isa = PBXFileReference; fileEncoding = 4; lastKnownFileType = sourcecode.c.objc; path = YBUILabel.m; sourceTree = "<group>"; };
		D12FA29D1D4CB5140088C41B /* YBCurriculumScheduleController.h */ = {isa = PBXFileReference; fileEncoding = 4; lastKnownFileType = sourcecode.c.h; path = YBCurriculumScheduleController.h; sourceTree = "<group>"; };
		D12FA29E1D4CB5140088C41B /* YBCurriculumScheduleController.m */ = {isa = PBXFileReference; fileEncoding = 4; lastKnownFileType = sourcecode.c.objc; path = YBCurriculumScheduleController.m; sourceTree = "<group>"; };
		D12FA2B01D4CB87B0088C41B /* MJRefreshAutoFooter.h */ = {isa = PBXFileReference; fileEncoding = 4; lastKnownFileType = sourcecode.c.h; path = MJRefreshAutoFooter.h; sourceTree = "<group>"; };
		D12FA2B11D4CB87B0088C41B /* MJRefreshAutoFooter.m */ = {isa = PBXFileReference; fileEncoding = 4; lastKnownFileType = sourcecode.c.objc; path = MJRefreshAutoFooter.m; sourceTree = "<group>"; };
		D12FA2B21D4CB87B0088C41B /* MJRefreshBackFooter.h */ = {isa = PBXFileReference; fileEncoding = 4; lastKnownFileType = sourcecode.c.h; path = MJRefreshBackFooter.h; sourceTree = "<group>"; };
		D12FA2B31D4CB87B0088C41B /* MJRefreshBackFooter.m */ = {isa = PBXFileReference; fileEncoding = 4; lastKnownFileType = sourcecode.c.objc; path = MJRefreshBackFooter.m; sourceTree = "<group>"; };
		D12FA2B41D4CB87B0088C41B /* MJRefreshComponent.h */ = {isa = PBXFileReference; fileEncoding = 4; lastKnownFileType = sourcecode.c.h; path = MJRefreshComponent.h; sourceTree = "<group>"; };
		D12FA2B51D4CB87B0088C41B /* MJRefreshComponent.m */ = {isa = PBXFileReference; fileEncoding = 4; lastKnownFileType = sourcecode.c.objc; path = MJRefreshComponent.m; sourceTree = "<group>"; };
		D12FA2B61D4CB87B0088C41B /* MJRefreshFooter.h */ = {isa = PBXFileReference; fileEncoding = 4; lastKnownFileType = sourcecode.c.h; path = MJRefreshFooter.h; sourceTree = "<group>"; };
		D12FA2B71D4CB87B0088C41B /* MJRefreshFooter.m */ = {isa = PBXFileReference; fileEncoding = 4; lastKnownFileType = sourcecode.c.objc; path = MJRefreshFooter.m; sourceTree = "<group>"; };
		D12FA2B81D4CB87B0088C41B /* MJRefreshHeader.h */ = {isa = PBXFileReference; fileEncoding = 4; lastKnownFileType = sourcecode.c.h; path = MJRefreshHeader.h; sourceTree = "<group>"; };
		D12FA2B91D4CB87B0088C41B /* MJRefreshHeader.m */ = {isa = PBXFileReference; fileEncoding = 4; lastKnownFileType = sourcecode.c.objc; path = MJRefreshHeader.m; sourceTree = "<group>"; };
		D12FA2BD1D4CB87B0088C41B /* MJRefreshAutoGifFooter.h */ = {isa = PBXFileReference; fileEncoding = 4; lastKnownFileType = sourcecode.c.h; path = MJRefreshAutoGifFooter.h; sourceTree = "<group>"; };
		D12FA2BE1D4CB87B0088C41B /* MJRefreshAutoGifFooter.m */ = {isa = PBXFileReference; fileEncoding = 4; lastKnownFileType = sourcecode.c.objc; path = MJRefreshAutoGifFooter.m; sourceTree = "<group>"; };
		D12FA2BF1D4CB87B0088C41B /* MJRefreshAutoNormalFooter.h */ = {isa = PBXFileReference; fileEncoding = 4; lastKnownFileType = sourcecode.c.h; path = MJRefreshAutoNormalFooter.h; sourceTree = "<group>"; };
		D12FA2C01D4CB87B0088C41B /* MJRefreshAutoNormalFooter.m */ = {isa = PBXFileReference; fileEncoding = 4; lastKnownFileType = sourcecode.c.objc; path = MJRefreshAutoNormalFooter.m; sourceTree = "<group>"; };
		D12FA2C11D4CB87B0088C41B /* MJRefreshAutoStateFooter.h */ = {isa = PBXFileReference; fileEncoding = 4; lastKnownFileType = sourcecode.c.h; path = MJRefreshAutoStateFooter.h; sourceTree = "<group>"; };
		D12FA2C21D4CB87B0088C41B /* MJRefreshAutoStateFooter.m */ = {isa = PBXFileReference; fileEncoding = 4; lastKnownFileType = sourcecode.c.objc; path = MJRefreshAutoStateFooter.m; sourceTree = "<group>"; };
		D12FA2C41D4CB87B0088C41B /* MJRefreshBackGifFooter.h */ = {isa = PBXFileReference; fileEncoding = 4; lastKnownFileType = sourcecode.c.h; path = MJRefreshBackGifFooter.h; sourceTree = "<group>"; };
		D12FA2C51D4CB87B0088C41B /* MJRefreshBackGifFooter.m */ = {isa = PBXFileReference; fileEncoding = 4; lastKnownFileType = sourcecode.c.objc; path = MJRefreshBackGifFooter.m; sourceTree = "<group>"; };
		D12FA2C61D4CB87B0088C41B /* MJRefreshBackNormalFooter.h */ = {isa = PBXFileReference; fileEncoding = 4; lastKnownFileType = sourcecode.c.h; path = MJRefreshBackNormalFooter.h; sourceTree = "<group>"; };
		D12FA2C71D4CB87B0088C41B /* MJRefreshBackNormalFooter.m */ = {isa = PBXFileReference; fileEncoding = 4; lastKnownFileType = sourcecode.c.objc; path = MJRefreshBackNormalFooter.m; sourceTree = "<group>"; };
		D12FA2C81D4CB87B0088C41B /* MJRefreshBackStateFooter.h */ = {isa = PBXFileReference; fileEncoding = 4; lastKnownFileType = sourcecode.c.h; path = MJRefreshBackStateFooter.h; sourceTree = "<group>"; };
		D12FA2C91D4CB87B0088C41B /* MJRefreshBackStateFooter.m */ = {isa = PBXFileReference; fileEncoding = 4; lastKnownFileType = sourcecode.c.objc; path = MJRefreshBackStateFooter.m; sourceTree = "<group>"; };
		D12FA2CB1D4CB87B0088C41B /* MJRefreshGifHeader.h */ = {isa = PBXFileReference; fileEncoding = 4; lastKnownFileType = sourcecode.c.h; path = MJRefreshGifHeader.h; sourceTree = "<group>"; };
		D12FA2CC1D4CB87B0088C41B /* MJRefreshGifHeader.m */ = {isa = PBXFileReference; fileEncoding = 4; lastKnownFileType = sourcecode.c.objc; path = MJRefreshGifHeader.m; sourceTree = "<group>"; };
		D12FA2CD1D4CB87B0088C41B /* MJRefreshNormalHeader.h */ = {isa = PBXFileReference; fileEncoding = 4; lastKnownFileType = sourcecode.c.h; path = MJRefreshNormalHeader.h; sourceTree = "<group>"; };
		D12FA2CE1D4CB87B0088C41B /* MJRefreshNormalHeader.m */ = {isa = PBXFileReference; fileEncoding = 4; lastKnownFileType = sourcecode.c.objc; path = MJRefreshNormalHeader.m; sourceTree = "<group>"; };
		D12FA2CF1D4CB87B0088C41B /* MJRefreshStateHeader.h */ = {isa = PBXFileReference; fileEncoding = 4; lastKnownFileType = sourcecode.c.h; path = MJRefreshStateHeader.h; sourceTree = "<group>"; };
		D12FA2D01D4CB87B0088C41B /* MJRefreshStateHeader.m */ = {isa = PBXFileReference; fileEncoding = 4; lastKnownFileType = sourcecode.c.objc; path = MJRefreshStateHeader.m; sourceTree = "<group>"; };
		D12FA2D11D4CB87B0088C41B /* MJRefresh.bundle */ = {isa = PBXFileReference; lastKnownFileType = "wrapper.plug-in"; path = MJRefresh.bundle; sourceTree = "<group>"; };
		D12FA2D21D4CB87B0088C41B /* MJRefresh.h */ = {isa = PBXFileReference; fileEncoding = 4; lastKnownFileType = sourcecode.c.h; path = MJRefresh.h; sourceTree = "<group>"; };
		D12FA2D31D4CB87B0088C41B /* MJRefreshConst.h */ = {isa = PBXFileReference; fileEncoding = 4; lastKnownFileType = sourcecode.c.h; path = MJRefreshConst.h; sourceTree = "<group>"; };
		D12FA2D41D4CB87B0088C41B /* MJRefreshConst.m */ = {isa = PBXFileReference; fileEncoding = 4; lastKnownFileType = sourcecode.c.objc; path = MJRefreshConst.m; sourceTree = "<group>"; };
		D12FA2D51D4CB87B0088C41B /* NSBundle+MJRefresh.h */ = {isa = PBXFileReference; fileEncoding = 4; lastKnownFileType = sourcecode.c.h; path = "NSBundle+MJRefresh.h"; sourceTree = "<group>"; };
		D12FA2D61D4CB87B0088C41B /* NSBundle+MJRefresh.m */ = {isa = PBXFileReference; fileEncoding = 4; lastKnownFileType = sourcecode.c.objc; path = "NSBundle+MJRefresh.m"; sourceTree = "<group>"; };
		D12FA2D71D4CB87B0088C41B /* UIScrollView+MJExtension.h */ = {isa = PBXFileReference; fileEncoding = 4; lastKnownFileType = sourcecode.c.h; path = "UIScrollView+MJExtension.h"; sourceTree = "<group>"; };
		D12FA2D81D4CB87B0088C41B /* UIScrollView+MJExtension.m */ = {isa = PBXFileReference; fileEncoding = 4; lastKnownFileType = sourcecode.c.objc; path = "UIScrollView+MJExtension.m"; sourceTree = "<group>"; };
		D12FA2D91D4CB87B0088C41B /* UIScrollView+MJRefresh.h */ = {isa = PBXFileReference; fileEncoding = 4; lastKnownFileType = sourcecode.c.h; path = "UIScrollView+MJRefresh.h"; sourceTree = "<group>"; };
		D12FA2DA1D4CB87B0088C41B /* UIScrollView+MJRefresh.m */ = {isa = PBXFileReference; fileEncoding = 4; lastKnownFileType = sourcecode.c.objc; path = "UIScrollView+MJRefresh.m"; sourceTree = "<group>"; };
		D12FA2DB1D4CB87B0088C41B /* UIView+MJExtension.h */ = {isa = PBXFileReference; fileEncoding = 4; lastKnownFileType = sourcecode.c.h; path = "UIView+MJExtension.h"; sourceTree = "<group>"; };
		D12FA2DC1D4CB87B0088C41B /* UIView+MJExtension.m */ = {isa = PBXFileReference; fileEncoding = 4; lastKnownFileType = sourcecode.c.objc; path = "UIView+MJExtension.m"; sourceTree = "<group>"; };
		D19531911D4B99DC00A4742D /* CurriculumSchedule.app */ = {isa = PBXFileReference; explicitFileType = wrapper.application; includeInIndex = 0; path = CurriculumSchedule.app; sourceTree = BUILT_PRODUCTS_DIR; };
		D19531951D4B99DC00A4742D /* main.m */ = {isa = PBXFileReference; lastKnownFileType = sourcecode.c.objc; path = main.m; sourceTree = "<group>"; };
		D19531971D4B99DC00A4742D /* AppDelegate.h */ = {isa = PBXFileReference; lastKnownFileType = sourcecode.c.h; path = AppDelegate.h; sourceTree = "<group>"; };
		D19531981D4B99DC00A4742D /* AppDelegate.m */ = {isa = PBXFileReference; lastKnownFileType = sourcecode.c.objc; path = AppDelegate.m; sourceTree = "<group>"; };
		D19531A01D4B99DC00A4742D /* Assets.xcassets */ = {isa = PBXFileReference; lastKnownFileType = folder.assetcatalog; path = Assets.xcassets; sourceTree = "<group>"; };
		D19531A31D4B99DC00A4742D /* Base */ = {isa = PBXFileReference; lastKnownFileType = file.storyboard; name = Base; path = Base.lproj/LaunchScreen.storyboard; sourceTree = "<group>"; };
		D19531A51D4B99DC00A4742D /* Info.plist */ = {isa = PBXFileReference; lastKnownFileType = text.plist.xml; path = Info.plist; sourceTree = "<group>"; };
		D19531AA1D4B99DC00A4742D /* CurriculumScheduleTests.xctest */ = {isa = PBXFileReference; explicitFileType = wrapper.cfbundle; includeInIndex = 0; path = CurriculumScheduleTests.xctest; sourceTree = BUILT_PRODUCTS_DIR; };
		D19531AE1D4B99DC00A4742D /* CurriculumScheduleTests.m */ = {isa = PBXFileReference; lastKnownFileType = sourcecode.c.objc; path = CurriculumScheduleTests.m; sourceTree = "<group>"; };
		D19531B01D4B99DC00A4742D /* Info.plist */ = {isa = PBXFileReference; lastKnownFileType = text.plist.xml; path = Info.plist; sourceTree = "<group>"; };
		D19531B51D4B99DC00A4742D /* CurriculumScheduleUITests.xctest */ = {isa = PBXFileReference; explicitFileType = wrapper.cfbundle; includeInIndex = 0; path = CurriculumScheduleUITests.xctest; sourceTree = BUILT_PRODUCTS_DIR; };
		D19531B91D4B99DC00A4742D /* CurriculumScheduleUITests.m */ = {isa = PBXFileReference; lastKnownFileType = sourcecode.c.objc; path = CurriculumScheduleUITests.m; sourceTree = "<group>"; };
		D19531BB1D4B99DC00A4742D /* Info.plist */ = {isa = PBXFileReference; lastKnownFileType = text.plist.xml; path = Info.plist; sourceTree = "<group>"; };
		D1F0DB101D4CD9530023E8BC /* MJDIYBackFooter.h */ = {isa = PBXFileReference; fileEncoding = 4; lastKnownFileType = sourcecode.c.h; path = MJDIYBackFooter.h; sourceTree = "<group>"; };
		D1F0DB111D4CD9530023E8BC /* MJDIYBackFooter.m */ = {isa = PBXFileReference; fileEncoding = 4; lastKnownFileType = sourcecode.c.objc; path = MJDIYBackFooter.m; sourceTree = "<group>"; };
/* End PBXFileReference section */

/* Begin PBXFrameworksBuildPhase section */
		D195318E1D4B99DC00A4742D /* Frameworks */ = {
			isa = PBXFrameworksBuildPhase;
			buildActionMask = 2147483647;
			files = (
			);
			runOnlyForDeploymentPostprocessing = 0;
		};
		D19531A71D4B99DC00A4742D /* Frameworks */ = {
			isa = PBXFrameworksBuildPhase;
			buildActionMask = 2147483647;
			files = (
			);
			runOnlyForDeploymentPostprocessing = 0;
		};
		D19531B21D4B99DC00A4742D /* Frameworks */ = {
			isa = PBXFrameworksBuildPhase;
			buildActionMask = 2147483647;
			files = (
			);
			runOnlyForDeploymentPostprocessing = 0;
		};
/* End PBXFrameworksBuildPhase section */

/* Begin PBXGroup section */
		D12FA27A1D4CB5140088C41B /* YBCurriculumSchedule */ = {
			isa = PBXGroup;
			children = (
				D12FA27B1D4CB5140088C41B /* Cell */,
				D12FA27E1D4CB5140088C41B /* Lib */,
				D12FA2851D4CB5140088C41B /* Model */,
				D12FA28A1D4CB5140088C41B /* Tools */,
				D12FA2931D4CB5140088C41B /* View */,
				D12FA29D1D4CB5140088C41B /* YBCurriculumScheduleController.h */,
				D12FA29E1D4CB5140088C41B /* YBCurriculumScheduleController.m */,
			);
			path = YBCurriculumSchedule;
			sourceTree = "<group>";
		};
		D12FA27B1D4CB5140088C41B /* Cell */ = {
			isa = PBXGroup;
			children = (
				D12FA27C1D4CB5140088C41B /* YBCurriculumScheduleCell.h */,
				D12FA27D1D4CB5140088C41B /* YBCurriculumScheduleCell.m */,
			);
			path = Cell;
			sourceTree = "<group>";
		};
		D12FA27E1D4CB5140088C41B /* Lib */ = {
			isa = PBXGroup;
			children = (
				D12FA2AE1D4CB87B0088C41B /* MJRefresh */,
				D12FA27F1D4CB5140088C41B /* BMLines */,
			);
			path = Lib;
			sourceTree = "<group>";
		};
		D12FA27F1D4CB5140088C41B /* BMLines */ = {
			isa = PBXGroup;
			children = (
				D12FA2801D4CB5140088C41B /* BMDefines.h */,
				D12FA2811D4CB5140088C41B /* BMLineCumstomDefault.h */,
				D12FA2821D4CB5140088C41B /* BMLineCumstomDefault.m */,
				D12FA2831D4CB5140088C41B /* UIView+BMLine.h */,
				D12FA2841D4CB5140088C41B /* UIView+BMLine.m */,
			);
			path = BMLines;
			sourceTree = "<group>";
		};
		D12FA2851D4CB5140088C41B /* Model */ = {
			isa = PBXGroup;
			children = (
				D12FA2861D4CB5140088C41B /* YBCourseModel.h */,
				D12FA2871D4CB5140088C41B /* YBCourseModel.m */,
				D12FA2881D4CB5140088C41B /* YBDateListModel.h */,
				D12FA2891D4CB5140088C41B /* YBDateListModel.m */,
			);
			path = Model;
			sourceTree = "<group>";
		};
		D12FA28A1D4CB5140088C41B /* Tools */ = {
			isa = PBXGroup;
			children = (
				D12FA28B1D4CB5140088C41B /* NSDate+YBTime.h */,
				D12FA28C1D4CB5140088C41B /* NSDate+YBTime.m */,
				D12FA28D1D4CB5140088C41B /* YBControl.h */,
				D12FA28E1D4CB5140088C41B /* YBControl.m */,
				D12FA28F1D4CB5140088C41B /* YBCurriculumScheduleConst.h */,
				D12FA2901D4CB5140088C41B /* YBCurriculumScheduleConst.m */,
				D12FA2911D4CB5140088C41B /* YBDateTools.h */,
				D12FA2921D4CB5140088C41B /* YBDateTools.m */,
			);
			path = Tools;
			sourceTree = "<group>";
		};
		D12FA2931D4CB5140088C41B /* View */ = {
			isa = PBXGroup;
			children = (
				D1F0DB101D4CD9530023E8BC /* MJDIYBackFooter.h */,
				D1F0DB111D4CD9530023E8BC /* MJDIYBackFooter.m */,
				D12FA2941D4CB5140088C41B /* image */,
				D12FA2971D4CB5140088C41B /* YBCourseDetailsView.h */,
				D12FA2981D4CB5140088C41B /* YBCourseDetailsView.m */,
				D12FA2991D4CB5140088C41B /* YBCourseView.h */,
				D12FA29A1D4CB5140088C41B /* YBCourseView.m */,
				D12FA29B1D4CB5140088C41B /* YBUILabel.h */,
				D12FA29C1D4CB5140088C41B /* YBUILabel.m */,
			);
			path = View;
			sourceTree = "<group>";
		};
		D12FA2941D4CB5140088C41B /* image */ = {
			isa = PBXGroup;
			children = (
				D12FA2951D4CB5140088C41B /* curriculum_shuaxin_nor@2x.png */,
				D12FA2961D4CB5140088C41B /* curriculum_shuaxin_nor@3x.png */,
			);
			path = image;
			sourceTree = "<group>";
		};
		D12FA2AE1D4CB87B0088C41B /* MJRefresh */ = {
			isa = PBXGroup;
			children = (
				D12FA2AF1D4CB87B0088C41B /* Base */,
				D12FA2BA1D4CB87B0088C41B /* Custom */,
				D12FA2D11D4CB87B0088C41B /* MJRefresh.bundle */,
				D12FA2D21D4CB87B0088C41B /* MJRefresh.h */,
				D12FA2D31D4CB87B0088C41B /* MJRefreshConst.h */,
				D12FA2D41D4CB87B0088C41B /* MJRefreshConst.m */,
				D12FA2D51D4CB87B0088C41B /* NSBundle+MJRefresh.h */,
				D12FA2D61D4CB87B0088C41B /* NSBundle+MJRefresh.m */,
				D12FA2D71D4CB87B0088C41B /* UIScrollView+MJExtension.h */,
				D12FA2D81D4CB87B0088C41B /* UIScrollView+MJExtension.m */,
				D12FA2D91D4CB87B0088C41B /* UIScrollView+MJRefresh.h */,
				D12FA2DA1D4CB87B0088C41B /* UIScrollView+MJRefresh.m */,
				D12FA2DB1D4CB87B0088C41B /* UIView+MJExtension.h */,
				D12FA2DC1D4CB87B0088C41B /* UIView+MJExtension.m */,
			);
			path = MJRefresh;
			sourceTree = "<group>";
		};
		D12FA2AF1D4CB87B0088C41B /* Base */ = {
			isa = PBXGroup;
			children = (
				D12FA2B01D4CB87B0088C41B /* MJRefreshAutoFooter.h */,
				D12FA2B11D4CB87B0088C41B /* MJRefreshAutoFooter.m */,
				D12FA2B21D4CB87B0088C41B /* MJRefreshBackFooter.h */,
				D12FA2B31D4CB87B0088C41B /* MJRefreshBackFooter.m */,
				D12FA2B41D4CB87B0088C41B /* MJRefreshComponent.h */,
				D12FA2B51D4CB87B0088C41B /* MJRefreshComponent.m */,
				D12FA2B61D4CB87B0088C41B /* MJRefreshFooter.h */,
				D12FA2B71D4CB87B0088C41B /* MJRefreshFooter.m */,
				D12FA2B81D4CB87B0088C41B /* MJRefreshHeader.h */,
				D12FA2B91D4CB87B0088C41B /* MJRefreshHeader.m */,
			);
			path = Base;
			sourceTree = "<group>";
		};
		D12FA2BA1D4CB87B0088C41B /* Custom */ = {
			isa = PBXGroup;
			children = (
				D12FA2BB1D4CB87B0088C41B /* Footer */,
				D12FA2CA1D4CB87B0088C41B /* Header */,
			);
			path = Custom;
			sourceTree = "<group>";
		};
		D12FA2BB1D4CB87B0088C41B /* Footer */ = {
			isa = PBXGroup;
			children = (
				D12FA2BC1D4CB87B0088C41B /* Auto */,
				D12FA2C31D4CB87B0088C41B /* Back */,
			);
			path = Footer;
			sourceTree = "<group>";
		};
		D12FA2BC1D4CB87B0088C41B /* Auto */ = {
			isa = PBXGroup;
			children = (
				D12FA2BD1D4CB87B0088C41B /* MJRefreshAutoGifFooter.h */,
				D12FA2BE1D4CB87B0088C41B /* MJRefreshAutoGifFooter.m */,
				D12FA2BF1D4CB87B0088C41B /* MJRefreshAutoNormalFooter.h */,
				D12FA2C01D4CB87B0088C41B /* MJRefreshAutoNormalFooter.m */,
				D12FA2C11D4CB87B0088C41B /* MJRefreshAutoStateFooter.h */,
				D12FA2C21D4CB87B0088C41B /* MJRefreshAutoStateFooter.m */,
			);
			path = Auto;
			sourceTree = "<group>";
		};
		D12FA2C31D4CB87B0088C41B /* Back */ = {
			isa = PBXGroup;
			children = (
				D12FA2C41D4CB87B0088C41B /* MJRefreshBackGifFooter.h */,
				D12FA2C51D4CB87B0088C41B /* MJRefreshBackGifFooter.m */,
				D12FA2C61D4CB87B0088C41B /* MJRefreshBackNormalFooter.h */,
				D12FA2C71D4CB87B0088C41B /* MJRefreshBackNormalFooter.m */,
				D12FA2C81D4CB87B0088C41B /* MJRefreshBackStateFooter.h */,
				D12FA2C91D4CB87B0088C41B /* MJRefreshBackStateFooter.m */,
			);
			path = Back;
			sourceTree = "<group>";
		};
		D12FA2CA1D4CB87B0088C41B /* Header */ = {
			isa = PBXGroup;
			children = (
				D12FA2CB1D4CB87B0088C41B /* MJRefreshGifHeader.h */,
				D12FA2CC1D4CB87B0088C41B /* MJRefreshGifHeader.m */,
				D12FA2CD1D4CB87B0088C41B /* MJRefreshNormalHeader.h */,
				D12FA2CE1D4CB87B0088C41B /* MJRefreshNormalHeader.m */,
				D12FA2CF1D4CB87B0088C41B /* MJRefreshStateHeader.h */,
				D12FA2D01D4CB87B0088C41B /* MJRefreshStateHeader.m */,
			);
			path = Header;
			sourceTree = "<group>";
		};
		D19531881D4B99DC00A4742D = {
			isa = PBXGroup;
			children = (
				D19531931D4B99DC00A4742D /* CurriculumSchedule */,
				D19531AD1D4B99DC00A4742D /* CurriculumScheduleTests */,
				D19531B81D4B99DC00A4742D /* CurriculumScheduleUITests */,
				D19531921D4B99DC00A4742D /* Products */,
			);
			sourceTree = "<group>";
		};
		D19531921D4B99DC00A4742D /* Products */ = {
			isa = PBXGroup;
			children = (
				D19531911D4B99DC00A4742D /* CurriculumSchedule.app */,
				D19531AA1D4B99DC00A4742D /* CurriculumScheduleTests.xctest */,
				D19531B51D4B99DC00A4742D /* CurriculumScheduleUITests.xctest */,
			);
			name = Products;
			sourceTree = "<group>";
		};
		D19531931D4B99DC00A4742D /* CurriculumSchedule */ = {
			isa = PBXGroup;
			children = (
				D12FA27A1D4CB5140088C41B /* YBCurriculumSchedule */,
				D19531971D4B99DC00A4742D /* AppDelegate.h */,
				D19531981D4B99DC00A4742D /* AppDelegate.m */,
				D19531A01D4B99DC00A4742D /* Assets.xcassets */,
				D19531A21D4B99DC00A4742D /* LaunchScreen.storyboard */,
				D19531A51D4B99DC00A4742D /* Info.plist */,
				D19531941D4B99DC00A4742D /* Supporting Files */,
			);
			path = CurriculumSchedule;
			sourceTree = "<group>";
		};
		D19531941D4B99DC00A4742D /* Supporting Files */ = {
			isa = PBXGroup;
			children = (
				D19531951D4B99DC00A4742D /* main.m */,
			);
			name = "Supporting Files";
			sourceTree = "<group>";
		};
		D19531AD1D4B99DC00A4742D /* CurriculumScheduleTests */ = {
			isa = PBXGroup;
			children = (
				D19531AE1D4B99DC00A4742D /* CurriculumScheduleTests.m */,
				D19531B01D4B99DC00A4742D /* Info.plist */,
			);
			path = CurriculumScheduleTests;
			sourceTree = "<group>";
		};
		D19531B81D4B99DC00A4742D /* CurriculumScheduleUITests */ = {
			isa = PBXGroup;
			children = (
				D19531B91D4B99DC00A4742D /* CurriculumScheduleUITests.m */,
				D19531BB1D4B99DC00A4742D /* Info.plist */,
			);
			path = CurriculumScheduleUITests;
			sourceTree = "<group>";
		};
/* End PBXGroup section */

/* Begin PBXNativeTarget section */
		D19531901D4B99DC00A4742D /* CurriculumSchedule */ = {
			isa = PBXNativeTarget;
			buildConfigurationList = D19531BE1D4B99DC00A4742D /* Build configuration list for PBXNativeTarget "CurriculumSchedule" */;
			buildPhases = (
				D195318D1D4B99DC00A4742D /* Sources */,
				D195318E1D4B99DC00A4742D /* Frameworks */,
				D195318F1D4B99DC00A4742D /* Resources */,
			);
			buildRules = (
			);
			dependencies = (
			);
			name = CurriculumSchedule;
			productName = CurriculumSchedule;
			productReference = D19531911D4B99DC00A4742D /* CurriculumSchedule.app */;
			productType = "com.apple.product-type.application";
		};
		D19531A91D4B99DC00A4742D /* CurriculumScheduleTests */ = {
			isa = PBXNativeTarget;
			buildConfigurationList = D19531C11D4B99DC00A4742D /* Build configuration list for PBXNativeTarget "CurriculumScheduleTests" */;
			buildPhases = (
				D19531A61D4B99DC00A4742D /* Sources */,
				D19531A71D4B99DC00A4742D /* Frameworks */,
				D19531A81D4B99DC00A4742D /* Resources */,
			);
			buildRules = (
			);
			dependencies = (
				D19531AC1D4B99DC00A4742D /* PBXTargetDependency */,
			);
			name = CurriculumScheduleTests;
			productName = CurriculumScheduleTests;
			productReference = D19531AA1D4B99DC00A4742D /* CurriculumScheduleTests.xctest */;
			productType = "com.apple.product-type.bundle.unit-test";
		};
		D19531B41D4B99DC00A4742D /* CurriculumScheduleUITests */ = {
			isa = PBXNativeTarget;
			buildConfigurationList = D19531C41D4B99DC00A4742D /* Build configuration list for PBXNativeTarget "CurriculumScheduleUITests" */;
			buildPhases = (
				D19531B11D4B99DC00A4742D /* Sources */,
				D19531B21D4B99DC00A4742D /* Frameworks */,
				D19531B31D4B99DC00A4742D /* Resources */,
			);
			buildRules = (
			);
			dependencies = (
				D19531B71D4B99DC00A4742D /* PBXTargetDependency */,
			);
			name = CurriculumScheduleUITests;
			productName = CurriculumScheduleUITests;
			productReference = D19531B51D4B99DC00A4742D /* CurriculumScheduleUITests.xctest */;
			productType = "com.apple.product-type.bundle.ui-testing";
		};
/* End PBXNativeTarget section */

/* Begin PBXProject section */
		D19531891D4B99DC00A4742D /* Project object */ = {
			isa = PBXProject;
			attributes = {
				CLASSPREFIX = YB;
				LastUpgradeCheck = 0720;
				ORGANIZATIONNAME = YB;
				TargetAttributes = {
					D19531901D4B99DC00A4742D = {
						CreatedOnToolsVersion = 7.2;
					};
					D19531A91D4B99DC00A4742D = {
						CreatedOnToolsVersion = 7.2;
						TestTargetID = D19531901D4B99DC00A4742D;
					};
					D19531B41D4B99DC00A4742D = {
						CreatedOnToolsVersion = 7.2;
						TestTargetID = D19531901D4B99DC00A4742D;
					};
				};
			};
			buildConfigurationList = D195318C1D4B99DC00A4742D /* Build configuration list for PBXProject "CurriculumSchedule" */;
			compatibilityVersion = "Xcode 3.2";
			developmentRegion = English;
			hasScannedForEncodings = 0;
			knownRegions = (
				en,
				Base,
			);
			mainGroup = D19531881D4B99DC00A4742D;
			productRefGroup = D19531921D4B99DC00A4742D /* Products */;
			projectDirPath = "";
			projectRoot = "";
			targets = (
				D19531901D4B99DC00A4742D /* CurriculumSchedule */,
				D19531A91D4B99DC00A4742D /* CurriculumScheduleTests */,
				D19531B41D4B99DC00A4742D /* CurriculumScheduleUITests */,
			);
		};
/* End PBXProject section */

/* Begin PBXResourcesBuildPhase section */
		D195318F1D4B99DC00A4742D /* Resources */ = {
			isa = PBXResourcesBuildPhase;
			buildActionMask = 2147483647;
			files = (
				D19531A41D4B99DC00A4742D /* LaunchScreen.storyboard in Resources */,
				D12FA2A81D4CB5140088C41B /* curriculum_shuaxin_nor@2x.png in Resources */,
				D19531A11D4B99DC00A4742D /* Assets.xcassets in Resources */,
				D12FA2EB1D4CB87B0088C41B /* MJRefresh.bundle in Resources */,
				D12FA2A91D4CB5140088C41B /* curriculum_shuaxin_nor@3x.png in Resources */,
			);
			runOnlyForDeploymentPostprocessing = 0;
		};
		D19531A81D4B99DC00A4742D /* Resources */ = {
			isa = PBXResourcesBuildPhase;
			buildActionMask = 2147483647;
			files = (
			);
			runOnlyForDeploymentPostprocessing = 0;
		};
		D19531B31D4B99DC00A4742D /* Resources */ = {
			isa = PBXResourcesBuildPhase;
			buildActionMask = 2147483647;
			files = (
			);
			runOnlyForDeploymentPostprocessing = 0;
		};
/* End PBXResourcesBuildPhase section */

/* Begin PBXSourcesBuildPhase section */
		D195318D1D4B99DC00A4742D /* Sources */ = {
			isa = PBXSourcesBuildPhase;
			buildActionMask = 2147483647;
			files = (
				D19531991D4B99DC00A4742D /* AppDelegate.m in Sources */,
				D12FA2E21D4CB87B0088C41B /* MJRefreshAutoGifFooter.m in Sources */,
				D12FA2EA1D4CB87B0088C41B /* MJRefreshStateHeader.m in Sources */,
				D12FA2E71D4CB87B0088C41B /* MJRefreshBackStateFooter.m in Sources */,
				D12FA2A31D4CB5140088C41B /* YBDateListModel.m in Sources */,
				D12FA2AB1D4CB5140088C41B /* YBCourseView.m in Sources */,
				D12FA2ED1D4CB87B0088C41B /* NSBundle+MJRefresh.m in Sources */,
				D12FA2A11D4CB5140088C41B /* UIView+BMLine.m in Sources */,
				D12FA2A01D4CB5140088C41B /* BMLineCumstomDefault.m in Sources */,
				D12FA2AD1D4CB5140088C41B /* YBCurriculumScheduleController.m in Sources */,
				D12FA2E51D4CB87B0088C41B /* MJRefreshBackGifFooter.m in Sources */,
				D12FA2E41D4CB87B0088C41B /* MJRefreshAutoStateFooter.m in Sources */,
				D12FA2E91D4CB87B0088C41B /* MJRefreshNormalHeader.m in Sources */,
				D12FA2F01D4CB87B0088C41B /* UIView+MJExtension.m in Sources */,
				D12FA2AC1D4CB5140088C41B /* YBUILabel.m in Sources */,
				D19531961D4B99DC00A4742D /* main.m in Sources */,
				D12FA2EC1D4CB87B0088C41B /* MJRefreshConst.m in Sources */,
				D12FA2AA1D4CB5140088C41B /* YBCourseDetailsView.m in Sources */,
				D12FA2A71D4CB5140088C41B /* YBDateTools.m in Sources */,
				D12FA2E31D4CB87B0088C41B /* MJRefreshAutoNormalFooter.m in Sources */,
				D12FA29F1D4CB5140088C41B /* YBCurriculumScheduleCell.m in Sources */,
				D12FA2A61D4CB5140088C41B /* YBCurriculumScheduleConst.m in Sources */,
				D12FA2DE1D4CB87B0088C41B /* MJRefreshBackFooter.m in Sources */,
				D12FA2E01D4CB87B0088C41B /* MJRefreshFooter.m in Sources */,
				D12FA2EF1D4CB87B0088C41B /* UIScrollView+MJRefresh.m in Sources */,
				D12FA2A51D4CB5140088C41B /* YBControl.m in Sources */,
				D12FA2E11D4CB87B0088C41B /* MJRefreshHeader.m in Sources */,
				D1F0DB121D4CD9530023E8BC /* MJDIYBackFooter.m in Sources */,
				D12FA2E61D4CB87B0088C41B /* MJRefreshBackNormalFooter.m in Sources */,
				D12FA2DF1D4CB87B0088C41B /* MJRefreshComponent.m in Sources */,
				D12FA2A41D4CB5140088C41B /* NSDate+YBTime.m in Sources */,
				D12FA2EE1D4CB87B0088C41B /* UIScrollView+MJExtension.m in Sources */,
				D12FA2E81D4CB87B0088C41B /* MJRefreshGifHeader.m in Sources */,
				D12FA2DD1D4CB87B0088C41B /* MJRefreshAutoFooter.m in Sources */,
				D12FA2A21D4CB5140088C41B /* YBCourseModel.m in Sources */,
			);
			runOnlyForDeploymentPostprocessing = 0;
		};
		D19531A61D4B99DC00A4742D /* Sources */ = {
			isa = PBXSourcesBuildPhase;
			buildActionMask = 2147483647;
			files = (
				D19531AF1D4B99DC00A4742D /* CurriculumScheduleTests.m in Sources */,
			);
			runOnlyForDeploymentPostprocessing = 0;
		};
		D19531B11D4B99DC00A4742D /* Sources */ = {
			isa = PBXSourcesBuildPhase;
			buildActionMask = 2147483647;
			files = (
				D19531BA1D4B99DC00A4742D /* CurriculumScheduleUITests.m in Sources */,
			);
			runOnlyForDeploymentPostprocessing = 0;
		};
/* End PBXSourcesBuildPhase section */

/* Begin PBXTargetDependency section */
		D19531AC1D4B99DC00A4742D /* PBXTargetDependency */ = {
			isa = PBXTargetDependency;
			target = D19531901D4B99DC00A4742D /* CurriculumSchedule */;
			targetProxy = D19531AB1D4B99DC00A4742D /* PBXContainerItemProxy */;
		};
		D19531B71D4B99DC00A4742D /* PBXTargetDependency */ = {
			isa = PBXTargetDependency;
			target = D19531901D4B99DC00A4742D /* CurriculumSchedule */;
			targetProxy = D19531B61D4B99DC00A4742D /* PBXContainerItemProxy */;
		};
/* End PBXTargetDependency section */

/* Begin PBXVariantGroup section */
		D19531A21D4B99DC00A4742D /* LaunchScreen.storyboard */ = {
			isa = PBXVariantGroup;
			children = (
				D19531A31D4B99DC00A4742D /* Base */,
			);
			name = LaunchScreen.storyboard;
			sourceTree = "<group>";
		};
/* End PBXVariantGroup section */

/* Begin XCBuildConfiguration section */
		D19531BC1D4B99DC00A4742D /* Debug */ = {
			isa = XCBuildConfiguration;
			buildSettings = {
				ALWAYS_SEARCH_USER_PATHS = NO;
				CLANG_CXX_LANGUAGE_STANDARD = "gnu++0x";
				CLANG_CXX_LIBRARY = "libc++";
				CLANG_ENABLE_MODULES = YES;
				CLANG_ENABLE_OBJC_ARC = YES;
				CLANG_WARN_BOOL_CONVERSION = YES;
				CLANG_WARN_CONSTANT_CONVERSION = YES;
				CLANG_WARN_DIRECT_OBJC_ISA_USAGE = YES_ERROR;
				CLANG_WARN_EMPTY_BODY = YES;
				CLANG_WARN_ENUM_CONVERSION = YES;
				CLANG_WARN_INT_CONVERSION = YES;
				CLANG_WARN_OBJC_ROOT_CLASS = YES_ERROR;
				CLANG_WARN_UNREACHABLE_CODE = YES;
				CLANG_WARN__DUPLICATE_METHOD_MATCH = YES;
				"CODE_SIGN_IDENTITY[sdk=iphoneos*]" = "iPhone Developer";
				COPY_PHASE_STRIP = NO;
				DEBUG_INFORMATION_FORMAT = dwarf;
				ENABLE_STRICT_OBJC_MSGSEND = YES;
				ENABLE_TESTABILITY = YES;
				GCC_C_LANGUAGE_STANDARD = gnu99;
				GCC_DYNAMIC_NO_PIC = NO;
				GCC_NO_COMMON_BLOCKS = YES;
				GCC_OPTIMIZATION_LEVEL = 0;
				GCC_PREPROCESSOR_DEFINITIONS = (
					"DEBUG=1",
					"$(inherited)",
				);
				GCC_WARN_64_TO_32_BIT_CONVERSION = YES;
				GCC_WARN_ABOUT_RETURN_TYPE = YES_ERROR;
				GCC_WARN_UNDECLARED_SELECTOR = YES;
				GCC_WARN_UNINITIALIZED_AUTOS = YES_AGGRESSIVE;
				GCC_WARN_UNUSED_FUNCTION = YES;
				GCC_WARN_UNUSED_VARIABLE = YES;
				IPHONEOS_DEPLOYMENT_TARGET = 9.2;
				MTL_ENABLE_DEBUG_INFO = YES;
				ONLY_ACTIVE_ARCH = YES;
				SDKROOT = iphoneos;
			};
			name = Debug;
		};
		D19531BD1D4B99DC00A4742D /* Release */ = {
			isa = XCBuildConfiguration;
			buildSettings = {
				ALWAYS_SEARCH_USER_PATHS = NO;
				CLANG_CXX_LANGUAGE_STANDARD = "gnu++0x";
				CLANG_CXX_LIBRARY = "libc++";
				CLANG_ENABLE_MODULES = YES;
				CLANG_ENABLE_OBJC_ARC = YES;
				CLANG_WARN_BOOL_CONVERSION = YES;
				CLANG_WARN_CONSTANT_CONVERSION = YES;
				CLANG_WARN_DIRECT_OBJC_ISA_USAGE = YES_ERROR;
				CLANG_WARN_EMPTY_BODY = YES;
				CLANG_WARN_ENUM_CONVERSION = YES;
				CLANG_WARN_INT_CONVERSION = YES;
				CLANG_WARN_OBJC_ROOT_CLASS = YES_ERROR;
				CLANG_WARN_UNREACHABLE_CODE = YES;
				CLANG_WARN__DUPLICATE_METHOD_MATCH = YES;
				"CODE_SIGN_IDENTITY[sdk=iphoneos*]" = "iPhone Developer";
				COPY_PHASE_STRIP = NO;
				DEBUG_INFORMATION_FORMAT = "dwarf-with-dsym";
				ENABLE_NS_ASSERTIONS = NO;
				ENABLE_STRICT_OBJC_MSGSEND = YES;
				GCC_C_LANGUAGE_STANDARD = gnu99;
				GCC_NO_COMMON_BLOCKS = YES;
				GCC_WARN_64_TO_32_BIT_CONVERSION = YES;
				GCC_WARN_ABOUT_RETURN_TYPE = YES_ERROR;
				GCC_WARN_UNDECLARED_SELECTOR = YES;
				GCC_WARN_UNINITIALIZED_AUTOS = YES_AGGRESSIVE;
				GCC_WARN_UNUSED_FUNCTION = YES;
				GCC_WARN_UNUSED_VARIABLE = YES;
				IPHONEOS_DEPLOYMENT_TARGET = 9.2;
				MTL_ENABLE_DEBUG_INFO = NO;
				SDKROOT = iphoneos;
				VALIDATE_PRODUCT = YES;
			};
			name = Release;
		};
		D19531BF1D4B99DC00A4742D /* Debug */ = {
			isa = XCBuildConfiguration;
			buildSettings = {
				ASSETCATALOG_COMPILER_APPICON_NAME = AppIcon;
				INFOPLIST_FILE = CurriculumSchedule/Info.plist;
				IPHONEOS_DEPLOYMENT_TARGET = 7.1;
				LD_RUNPATH_SEARCH_PATHS = "$(inherited) @executable_path/Frameworks";
				PRODUCT_BUNDLE_IDENTIFIER = com.yangbo.CurriculumSchedule;
				PRODUCT_NAME = "$(TARGET_NAME)";
			};
			name = Debug;
		};
		D19531C01D4B99DC00A4742D /* Release */ = {
			isa = XCBuildConfiguration;
			buildSettings = {
				ASSETCATALOG_COMPILER_APPICON_NAME = AppIcon;
				INFOPLIST_FILE = CurriculumSchedule/Info.plist;
				IPHONEOS_DEPLOYMENT_TARGET = 7.1;
				LD_RUNPATH_SEARCH_PATHS = "$(inherited) @executable_path/Frameworks";
				PRODUCT_BUNDLE_IDENTIFIER = com.yangbo.CurriculumSchedule;
				PRODUCT_NAME = "$(TARGET_NAME)";
			};
			name = Release;
		};
		D19531C21D4B99DC00A4742D /* Debug */ = {
			isa = XCBuildConfiguration;
			buildSettings = {
				BUNDLE_LOADER = "$(TEST_HOST)";
				INFOPLIST_FILE = CurriculumScheduleTests/Info.plist;
				LD_RUNPATH_SEARCH_PATHS = "$(inherited) @executable_path/Frameworks @loader_path/Frameworks";
				PRODUCT_BUNDLE_IDENTIFIER = com.yangbo.CurriculumScheduleTests;
				PRODUCT_NAME = "$(TARGET_NAME)";
				TEST_HOST = "$(BUILT_PRODUCTS_DIR)/CurriculumSchedule.app/CurriculumSchedule";
			};
			name = Debug;
		};
		D19531C31D4B99DC00A4742D /* Release */ = {
			isa = XCBuildConfiguration;
			buildSettings = {
				BUNDLE_LOADER = "$(TEST_HOST)";
				INFOPLIST_FILE = CurriculumScheduleTests/Info.plist;
				LD_RUNPATH_SEARCH_PATHS = "$(inherited) @executable_path/Frameworks @loader_path/Frameworks";
				PRODUCT_BUNDLE_IDENTIFIER = com.yangbo.CurriculumScheduleTests;
				PRODUCT_NAME = "$(TARGET_NAME)";
				TEST_HOST = "$(BUILT_PRODUCTS_DIR)/CurriculumSchedule.app/CurriculumSchedule";
			};
			name = Release;
		};
		D19531C51D4B99DC00A4742D /* Debug */ = {
			isa = XCBuildConfiguration;
			buildSettings = {
				INFOPLIST_FILE = CurriculumScheduleUITests/Info.plist;
				LD_RUNPATH_SEARCH_PATHS = "$(inherited) @executable_path/Frameworks @loader_path/Frameworks";
				PRODUCT_BUNDLE_IDENTIFIER = com.yangbo.CurriculumScheduleUITests;
				PRODUCT_NAME = "$(TARGET_NAME)";
				TEST_TARGET_NAME = CurriculumSchedule;
				USES_XCTRUNNER = YES;
			};
			name = Debug;
		};
		D19531C61D4B99DC00A4742D /* Release */ = {
			isa = XCBuildConfiguration;
			buildSettings = {
				INFOPLIST_FILE = CurriculumScheduleUITests/Info.plist;
				LD_RUNPATH_SEARCH_PATHS = "$(inherited) @executable_path/Frameworks @loader_path/Frameworks";
				PRODUCT_BUNDLE_IDENTIFIER = com.yangbo.CurriculumScheduleUITests;
				PRODUCT_NAME = "$(TARGET_NAME)";
				TEST_TARGET_NAME = CurriculumSchedule;
				USES_XCTRUNNER = YES;
			};
			name = Release;
		};
/* End XCBuildConfiguration section */

/* Begin XCConfigurationList section */
		D195318C1D4B99DC00A4742D /* Build configuration list for PBXProject "CurriculumSchedule" */ = {
			isa = XCConfigurationList;
			buildConfigurations = (
				D19531BC1D4B99DC00A4742D /* Debug */,
				D19531BD1D4B99DC00A4742D /* Release */,
			);
			defaultConfigurationIsVisible = 0;
			defaultConfigurationName = Release;
		};
		D19531BE1D4B99DC00A4742D /* Build configuration list for PBXNativeTarget "CurriculumSchedule" */ = {
			isa = XCConfigurationList;
			buildConfigurations = (
				D19531BF1D4B99DC00A4742D /* Debug */,
				D19531C01D4B99DC00A4742D /* Release */,
			);
			defaultConfigurationIsVisible = 0;
			defaultConfigurationName = Release;
		};
		D19531C11D4B99DC00A4742D /* Build configuration list for PBXNativeTarget "CurriculumScheduleTests" */ = {
			isa = XCConfigurationList;
			buildConfigurations = (
				D19531C21D4B99DC00A4742D /* Debug */,
				D19531C31D4B99DC00A4742D /* Release */,
			);
			defaultConfigurationIsVisible = 0;
			defaultConfigurationName = Release;
		};
		D19531C41D4B99DC00A4742D /* Build configuration list for PBXNativeTarget "CurriculumScheduleUITests" */ = {
			isa = XCConfigurationList;
			buildConfigurations = (
				D19531C51D4B99DC00A4742D /* Debug */,
				D19531C61D4B99DC00A4742D /* Release */,
			);
			defaultConfigurationIsVisible = 0;
			defaultConfigurationName = Release;
		};
/* End XCConfigurationList section */
	};
	rootObject = D19531891D4B99DC00A4742D /* Project object */;
}
